
Microsoft Visual Studio Solution File, Format Version 12.00
# Visual Studio Version 16
VisualStudioVersion = 16.0.32802.440
MinimumVisualStudioVersion = 10.0.40219.1
Project("{9A19103F-16F7-4668-BE54-9A1E7A4F7556}") = "Data", "Data\Data.csproj", "{A56048ED-FB05-4EE5-8304-7E53C9B00C72}"
EndProject
Project("{9A19103F-16F7-4668-BE54-9A1E7A4F7556}") = "Business", "Business\Business.csproj", "{A6794BE0-A8C1-4AD3-A7EB-7F6060DB2B59}"
EndProject
Project("{9A19103F-16F7-4668-BE54-9A1E7A4F7556}") = "SRRAppConsole", "SRRAppConsole\SRRAppConsole.csproj", "{4A523834-66F1-4936-B3C0-6A9C28B6D59E}"
EndProject
Project("{FAE04EC0-301F-11D3-BF4B-00C04F79EFBC}") = "SRRASPNetWebInterface", "SRRASPNetWebInterface\SRRASPNetWebInterface.csproj", "{993AA017-4002-429F-803B-B6A4A1ACB661}"
EndProject
Global
	GlobalSection(SolutionConfigurationPlatforms) = preSolution
		Debug|Any CPU = Debug|Any CPU
		Release|Any CPU = Release|Any CPU
	EndGlobalSection
	GlobalSection(ProjectConfigurationPlatforms) = postSolution
		{A56048ED-FB05-4EE5-8304-7E53C9B00C72}.Debug|Any CPU.ActiveCfg = Debug|Any CPU
		{A56048ED-FB05-4EE5-8304-7E53C9B00C72}.Debug|Any CPU.Build.0 = Debug|Any CPU
		{A56048ED-FB05-4EE5-8304-7E53C9B00C72}.Release|Any CPU.ActiveCfg = Release|Any CPU
		{A56048ED-FB05-4EE5-8304-7E53C9B00C72}.Release|Any CPU.Build.0 = Release|Any CPU
		{A6794BE0-A8C1-4AD3-A7EB-7F6060DB2B59}.Debug|Any CPU.ActiveCfg = Debug|Any CPU
		{A6794BE0-A8C1-4AD3-A7EB-7F6060DB2B59}.Debug|Any CPU.Build.0 = Debug|Any CPU
		{A6794BE0-A8C1-4AD3-A7EB-7F6060DB2B59}.Release|Any CPU.ActiveCfg = Release|Any CPU
		{A6794BE0-A8C1-4AD3-A7EB-7F6060DB2B59}.Release|Any CPU.Build.0 = Release|Any CPU
		{4A523834-66F1-4936-B3C0-6A9C28B6D59E}.Debug|Any CPU.ActiveCfg = Debug|Any CPU
		{4A523834-66F1-4936-B3C0-6A9C28B6D59E}.Debug|Any CPU.Build.0 = Debug|Any CPU
		{4A523834-66F1-4936-B3C0-6A9C28B6D59E}.Release|Any CPU.ActiveCfg = Release|Any CPU
		{4A523834-66F1-4936-B3C0-6A9C28B6D59E}.Release|Any CPU.Build.0 = Release|Any CPU
		{993AA017-4002-429F-803B-B6A4A1ACB661}.Debug|Any CPU.ActiveCfg = Debug|Any CPU
		{993AA017-4002-429F-803B-B6A4A1ACB661}.Debug|Any CPU.Build.0 = Debug|Any CPU
		{993AA017-4002-429F-803B-B6A4A1ACB661}.Release|Any CPU.ActiveCfg = Release|Any CPU
		{993AA017-4002-429F-803B-B6A4A1ACB661}.Release|Any CPU.Build.0 = Release|Any CPU
	EndGlobalSection
	GlobalSection(SolutionProperties) = preSolution
		HideSolutionNode = FALSE
	EndGlobalSection
	GlobalSection(ExtensibilityGlobals) = postSolution
		SolutionGuid = {E980E8E5-4DB2-45F5-B123-CF2753A462EF}
	EndGlobalSection
EndGlobal
